PODS:
  - Flutter (1.0.0)
  - klarna_inapp_flutter_plugin (0.0.1):
    - Flutter

DEPENDENCIES:
  - Flutter (from `Flutter`)
  - klarna_inapp_flutter_plugin (from `.symlinks/plugins/klarna_inapp_flutter_plugin/ios`)

EXTERNAL SOURCES:
  Flutter:
    :path: Flutter
  klarna_inapp_flutter_plugin:
    :path: ".symlinks/plugins/klarna_inapp_flutter_plugin/ios"

SPEC CHECKSUMS:
  Flutter: 0e3d915762c693b495b44d77113d4970485de6ec
  klarna_inapp_flutter_plugin: 66268d655dddb4b48b907dc764c4e7089341c075

PODFILE CHECKSUM: 1b66dae606f75376c5f2135a8290850eeb09ae83

COCOAPODS: 1.9.1
