PODS:
  - Flutter (1.0.0)
  - flutter_klarna_inapp_sdk (0.0.1):
    - Flutter
    - KlarnaMobileSDK (~> 2.2.2)
  - KlarnaMobileSDK (2.2.2):
    - KlarnaMobileSDK/full (= 2.2.2)
  - KlarnaMobileSDK/full (2.2.2)

DEPENDENCIES:
  - Flutter (from `Flutter`)
  - flutter_klarna_inapp_sdk (from `.symlinks/plugins/flutter_klarna_inapp_sdk/ios`)

SPEC REPOS:
  trunk:
    - KlarnaMobileSDK

EXTERNAL SOURCES:
  Flutter:
    :path: Flutter
  flutter_klarna_inapp_sdk:
    :path: ".symlinks/plugins/flutter_klarna_inapp_sdk/ios"

SPEC CHECKSUMS:
  Flutter: f04841e97a9d0b0a8025694d0796dd46242b2854
  flutter_klarna_inapp_sdk: 71aa11eca5b906d228f50e8adaee224b07068b9c
  KlarnaMobileSDK: 23b44390d06c6e3a90b5325bea6c10bf97ac6044

PODFILE CHECKSUM: 7368163408c647b7eb699d0d788ba6718e18fb8d

COCOAPODS: 1.11.3
