{
  "pins" : [
    {
      "identity" : "klarna-mobile-sdk-ios",
      "kind" : "remoteSourceControl",
      "location" : "https://github.com/klarna/klarna-mobile-sdk-ios",
      "state" : {
        "revision" : "ee0a5e2fec07a9cc7c06eb90e348f11e34457fa4",
        "version" : "2.15.0"
      }
    }
  ],
  "version" : 2
}
